// !$*UTF8*$!
{
	archiveVersion = 1;
	classes = {
	};
	objectVersion = 46;
	objects = {

/* Begin PBXBuildFile section */
		FFDD6FCB1C5A7C0600435F39 /* main.m in Sources */ = {isa = PBXBuildFile; fileRef = FFDD6FCA1C5A7C0600435F39 /* main.m */; };
		FFDD6FCE1C5A7C0600435F39 /* AppDelegate.m in Sources */ = {isa = PBXBuildFile; fileRef = FFDD6FCD1C5A7C0600435F39 /* AppDelegate.m */; };
		FFDD6FD11C5A7C0600435F39 /* ViewController.m in Sources */ = {isa = PBXBuildFile; fileRef = FFDD6FD01C5A7C0600435F39 /* ViewController.m */; };
		FFDD6FD41C5A7C0600435F39 /* Main.storyboard in Resources */ = {isa = PBXBuildFile; fileRef = FFDD6FD21C5A7C0600435F39 /* Main.storyboard */; };
		FFDD6FD61C5A7C0600435F39 /* Images.xcassets in Resources */ = {isa = PBXBuildFile; fileRef = FFDD6FD51C5A7C0600435F39 /* Images.xcassets */; };
		FFDD6FD91C5A7C0600435F39 /* LaunchScreen.xib in Resources */ = {isa = PBXBuildFile; fileRef = FFDD6FD71C5A7C0600435F39 /* LaunchScreen.xib */; };
		FFDD6FE51C5A7C0600435F39 /* gitdemoTests.m in Sources */ = {isa = PBXBuildFile; fileRef = FFDD6FE41C5A7C0600435F39 /* gitdemoTests.m */; };
/* End PBXBuildFile section */

/* Begin PBXContainerItemProxy section */
		FFDD6FDF1C5A7C0600435F39 /* PBXContainerItemProxy */ = {
			isa = PBXContainerItemProxy;
			containerPortal = FFDD6FBD1C5A7C0600435F39 /* Project object */;
			proxyType = 1;
			remoteGlobalIDString = FFDD6FC41C5A7C0600435F39;
			remoteInfo = gitdemo;
		};
/* End PBXContainerItemProxy section */

/* Begin PBXFileReference section */
		FFDD6FC51C5A7C0600435F39 /* gitdemo.app */ = {isa = PBXFileReference; explicitFileType = wrapper.application; includeInIndex = 0; path = gitdemo.app; sourceTree = BUILT_PRODUCTS_DIR; };
		FFDD6FC91C5A7C0600435F39 /* Info.plist */ = {isa = PBXFileReference; lastKnownFileType = text.plist.xml; path = Info.plist; sourceTree = "<group>"; };
		FFDD6FCA1C5A7C0600435F39 /* main.m */ = {isa = PBXFileReference; lastKnownFileType = sourcecode.c.objc; path = main.m; sourceTree = "<group>"; };
		FFDD6FCC1C5A7C0600435F39 /* AppDelegate.h */ = {isa = PBXFileReference; lastKnownFileType = sourcecode.c.h; path = AppDelegate.h; sourceTree = "<group>"; };
		FFDD6FCD1C5A7C0600435F39 /* AppDelegate.m */ = {isa = PBXFileReference; lastKnownFileType = sourcecode.c.objc; path = AppDelegate.m; sourceTree = "<group>"; };
		FFDD6FCF1C5A7C0600435F39 /* ViewController.h */ = {isa = PBXFileReference; lastKnownFileType = sourcecode.c.h; path = ViewController.h; sourceTree = "<group>"; };
		FFDD6FD01C5A7C0600435F39 /* ViewController.m */ = {isa = PBXFileReference; lastKnownFileType = sourcecode.c.objc; path = ViewController.m; sourceTree = "<group>"; };
		FFDD6FD31C5A7C0600435F39 /* Base */ = {isa = PBXFileReference; lastKnownFileType = file.storyboard; name = Base; path = Base.lproj/Main.storyboard; sourceTree = "<group>"; };
		FFDD6FD51C5A7C0600435F39 /* Images.xcassets */ = {isa = PBXFileReference; lastKnownFileType = folder.assetcatalog; path = Images.xcassets; sourceTree = "<group>"; };
		FFDD6FD81C5A7C0600435F39 /* Base */ = {isa = PBXFileReference; lastKnownFileType = file.xib; name = Base; path = Base.lproj/LaunchScreen.xib; sourceTree = "<group>"; };
		FFDD6FDE1C5A7C0600435F39 /* gitdemoTests.xctest */ = {isa = PBXFileReference; explicitFileType = wrapper.cfbundle; includeInIndex = 0; path = gitdemoTests.xctest; sourceTree = BUILT_PRODUCTS_DIR; };
		FFDD6FE31C5A7C0600435F39 /* Info.plist */ = {isa = PBXFileReference; lastKnownFileType = text.plist.xml; path = Info.plist; sourceTree = "<group>"; };
		FFDD6FE41C5A7C0600435F39 /* gitdemoTests.m */ = {isa = PBXFileReference; lastKnownFileType = sourcecode.c.objc; path = gitdemoTests.m; sourceTree = "<group>"; };
/* End PBXFileReference section */

/* Begin PBXFrameworksBuildPhase section */
		FFDD6FC21C5A7C0600435F39 /* Frameworks */ = {
			isa = PBXFrameworksBuildPhase;
			buildActionMask = 2147483647;
			files = (
			);
			runOnlyForDeploymentPostprocessing = 0;
		};
		FFDD6FDB1C5A7C0600435F39 /* Frameworks */ = {
			isa = PBXFrameworksBuildPhase;
			buildActionMask = 2147483647;
			files = (
			);
			runOnlyForDeploymentPostprocessing = 0;
		};
/* End PBXFrameworksBuildPhase section */

/* Begin PBXGroup section */
		FFDD6FBC1C5A7C0600435F39 = {
			isa = PBXGroup;
			children = (
				FFDD6FC71C5A7C0600435F39 /* gitdemo */,
				FFDD6FE11C5A7C0600435F39 /* gitdemoTests */,
				FFDD6FC61C5A7C0600435F39 /* Products */,
			);
			sourceTree = "<group>";
		};
		FFDD6FC61C5A7C0600435F39 /* Products */ = {
			isa = PBXGroup;
			children = (
				FFDD6FC51C5A7C0600435F39 /* gitdemo.app */,
				FFDD6FDE1C5A7C0600435F39 /* gitdemoTests.xctest */,
			);
			name = Products;
			sourceTree = "<group>";
		};
		FFDD6FC71C5A7C0600435F39 /* gitdemo */ = {
			isa = PBXGroup;
			children = (
				FFDD6FCC1C5A7C0600435F39 /* AppDelegate.h */,
				FFDD6FCD1C5A7C0600435F39 /* AppDelegate.m */,
				FFDD6FCF1C5A7C0600435F39 /* ViewController.h */,
				FFDD6FD01C5A7C0600435F39 /* ViewController.m */,
				FFDD6FD21C5A7C0600435F39 /* Main.storyboard */,
				FFDD6FD51C5A7C0600435F39 /* Images.xcassets */,
				FFDD6FD71C5A7C0600435F39 /* LaunchScreen.xib */,
				FFDD6FC81C5A7C0600435F39 /* Supporting Files */,
			);
			path = gitdemo;
			sourceTree = "<group>";
		};
		FFDD6FC81C5A7C0600435F39 /* Supporting Files */ = {
			isa = PBXGroup;
			children = (
				FFDD6FC91C5A7C0600435F39 /* Info.plist */,
				FFDD6FCA1C5A7C0600435F39 /* main.m */,
			);
			name = "Supporting Files";
			sourceTree = "<group>";
		};
		FFDD6FE11C5A7C0600435F39 /* gitdemoTests */ = {
			isa = PBXGroup;
			children = (
				FFDD6FE41C5A7C0600435F39 /* gitdemoTests.m */,
				FFDD6FE21C5A7C0600435F39 /* Supporting Files */,
			);
			path = gitdemoTests;
			sourceTree = "<group>";
		};
		FFDD6FE21C5A7C0600435F39 /* Supporting Files */ = {
			isa = PBXGroup;
			children = (
				FFDD6FE31C5A7C0600435F39 /* Info.plist */,
			);
			name = "Supporting Files";
			sourceTree = "<group>";
		};
/* End PBXGroup section */

/* Begin PBXNativeTarget section */
		FFDD6FC41C5A7C0600435F39 /* gitdemo */ = {
			isa = PBXNativeTarget;
			buildConfigurationList = FFDD6FE81C5A7C0600435F39 /* Build configuration list for PBXNativeTarget "gitdemo" */;
			buildPhases = (
				FFDD6FC11C5A7C0600435F39 /* Sources */,
				FFDD6FC21C5A7C0600435F39 /* Frameworks */,
				FFDD6FC31C5A7C0600435F39 /* Resources */,
			);
			buildRules = (
			);
			dependencies = (
			);
			name = gitdemo;
			productName = gitdemo;
			productReference = FFDD6FC51C5A7C0600435F39 /* gitdemo.app */;
			productType = "com.apple.product-type.application";
		};
		FFDD6FDD1C5A7C0600435F39 /* gitdemoTests */ = {
			isa = PBXNativeTarget;
			buildConfigurationList = FFDD6FEB1C5A7C0600435F39 /* Build configuration list for PBXNativeTarget "gitdemoTests" */;
			buildPhases = (
				FFDD6FDA1C5A7C0600435F39 /* Sources */,
				FFDD6FDB1C5A7C0600435F39 /* Frameworks */,
				FFDD6FDC1C5A7C0600435F39 /* Resources */,
			);
			buildRules = (
			);
			dependencies = (
				FFDD6FE01C5A7C0600435F39 /* PBXTargetDependency */,
			);
			name = gitdemoTests;
			productName = gitdemoTests;
			productReference = FFDD6FDE1C5A7C0600435F39 /* gitdemoTests.xctest */;
			productType = "com.apple.product-type.bundle.unit-test";
		};
/* End PBXNativeTarget section */

/* Begin PBXProject section */
		FFDD6FBD1C5A7C0600435F39 /* Project object */ = {
			isa = PBXProject;
			attributes = {
				LastUpgradeCheck = 0640;
				ORGANIZATIONNAME = MRTailor;
				TargetAttributes = {
					FFDD6FC41C5A7C0600435F39 = {
						CreatedOnToolsVersion = 6.4;
					};
					FFDD6FDD1C5A7C0600435F39 = {
						CreatedOnToolsVersion = 6.4;
						TestTargetID = FFDD6FC41C5A7C0600435F39;
					};
				};
			};
			buildConfigurationList = FFDD6FC01C5A7C0600435F39 /* Build configuration list for PBXProject "gitdemo" */;
			compatibilityVersion = "Xcode 3.2";
			developmentRegion = English;
			hasScannedForEncodings = 0;
			knownRegions = (
				en,
				Base,
			);
			mainGroup = FFDD6FBC1C5A7C0600435F39;
			productRefGroup = FFDD6FC61C5A7C0600435F39 /* Products */;
			projectDirPath = "";
			projectRoot = "";
			targets = (
				FFDD6FC41C5A7C0600435F39 /* gitdemo */,
				FFDD6FDD1C5A7C0600435F39 /* gitdemoTests */,
			);
		};
/* End PBXProject section */

/* Begin PBXResourcesBuildPhase section */
		FFDD6FC31C5A7C0600435F39 /* Resources */ = {
			isa = PBXResourcesBuildPhase;
			buildActionMask = 2147483647;
			files = (
				FFDD6FD41C5A7C0600435F39 /* Main.storyboard in Resources */,
				FFDD6FD91C5A7C0600435F39 /* LaunchScreen.xib in Resources */,
				FFDD6FD61C5A7C0600435F39 /* Images.xcassets in Resources */,
			);
			runOnlyForDeploymentPostprocessing = 0;
		};
		FFDD6FDC1C5A7C0600435F39 /* Resources */ = {
			isa = PBXResourcesBuildPhase;
			buildActionMask = 2147483647;
			files = (
			);
			runOnlyForDeploymentPostprocessing = 0;
		};
/* End PBXResourcesBuildPhase section */

/* Begin PBXSourcesBuildPhase section */
		FFDD6FC11C5A7C0600435F39 /* Sources */ = {
			isa = PBXSourcesBuildPhase;
			buildActionMask = 2147483647;
			files = (
				FFDD6FD11C5A7C0600435F39 /* ViewController.m in Sources */,
				FFDD6FCE1C5A7C0600435F39 /* AppDelegate.m in Sources */,
				FFDD6FCB1C5A7C0600435F39 /* main.m in Sources */,
			);
			runOnlyForDeploymentPostprocessing = 0;
		};
		FFDD6FDA1C5A7C0600435F39 /* Sources */ = {
			isa = PBXSourcesBuildPhase;
			buildActionMask = 2147483647;
			files = (
				FFDD6FE51C5A7C0600435F39 /* gitdemoTests.m in Sources */,
			);
			runOnlyForDeploymentPostprocessing = 0;
		};
/* End PBXSourcesBuildPhase section */

/* Begin PBXTargetDependency section */
		FFDD6FE01C5A7C0600435F39 /* PBXTargetDependency */ = {
			isa = PBXTargetDependency;
			target = FFDD6FC41C5A7C0600435F39 /* gitdemo */;
			targetProxy = FFDD6FDF1C5A7C0600435F39 /* PBXContainerItemProxy */;
		};
/* End PBXTargetDependency section */

/* Begin PBXVariantGroup section */
		FFDD6FD21C5A7C0600435F39 /* Main.storyboard */ = {
			isa = PBXVariantGroup;
			children = (
				FFDD6FD31C5A7C0600435F39 /* Base */,
			);
			name = Main.storyboard;
			sourceTree = "<group>";
		};
		FFDD6FD71C5A7C0600435F39 /* LaunchScreen.xib */ = {
			isa = PBXVariantGroup;
			children = (
				FFDD6FD81C5A7C0600435F39 /* Base */,
			);
			name = LaunchScreen.xib;
			sourceTree = "<group>";
		};
/* End PBXVariantGroup section */

/* Begin XCBuildConfiguration section */
		FFDD6FE61C5A7C0600435F39 /* Debug */ = {
			isa = XCBuildConfiguration;
			buildSettings = {
				ALWAYS_SEARCH_USER_PATHS = NO;
				CLANG_CXX_LANGUAGE_STANDARD = "gnu++0x";
				CLANG_CXX_LIBRARY = "libc++";
				CLANG_ENABLE_MODULES = YES;
				CLANG_ENABLE_OBJC_ARC = YES;
				CLANG_WARN_BOOL_CONVERSION = YES;
				CLANG_WARN_CONSTANT_CONVERSION = YES;
				CLANG_WARN_DIRECT_OBJC_ISA_USAGE = YES_ERROR;
				CLANG_WARN_EMPTY_BODY = YES;
				CLANG_WARN_ENUM_CONVERSION = YES;
				CLANG_WARN_INT_CONVERSION = YES;
				CLANG_WARN_OBJC_ROOT_CLASS = YES_ERROR;
				CLANG_WARN_UNREACHABLE_CODE = YES;
				CLANG_WARN__DUPLICATE_METHOD_MATCH = YES;
				"CODE_SIGN_IDENTITY[sdk=iphoneos*]" = "iPhone Developer";
				COPY_PHASE_STRIP = NO;
				DEBUG_INFORMATION_FORMAT = "dwarf-with-dsym";
				ENABLE_STRICT_OBJC_MSGSEND = YES;
				GCC_C_LANGUAGE_STANDARD = gnu99;
				GCC_DYNAMIC_NO_PIC = NO;
				GCC_NO_COMMON_BLOCKS = YES;
				GCC_OPTIMIZATION_LEVEL = 0;
				GCC_PREPROCESSOR_DEFINITIONS = (
					"DEBUG=1",
					"$(inherited)",
				);
				GCC_SYMBOLS_PRIVATE_EXTERN = NO;
				GCC_WARN_64_TO_32_BIT_CONVERSION = YES;
				GCC_WARN_ABOUT_RETURN_TYPE = YES_ERROR;
				GCC_WARN_UNDECLARED_SELECTOR = YES;
				GCC_WARN_UNINITIALIZED_AUTOS = YES_AGGRESSIVE;
				GCC_WARN_UNUSED_FUNCTION = YES;
				GCC_WARN_UNUSED_VARIABLE = YES;
				IPHONEOS_DEPLOYMENT_TARGET = 8.4;
				MTL_ENABLE_DEBUG_INFO = YES;
				ONLY_ACTIVE_ARCH = YES;
				SDKROOT = iphoneos;
				TARGETED_DEVICE_FAMILY = "1,2";
			};
			name = Debug;
		};
		FFDD6FE71C5A7C0600435F39 /* Release */ = {
			isa = XCBuildConfiguration;
			buildSettings = {
				ALWAYS_SEARCH_USER_PATHS = NO;
				CLANG_CXX_LANGUAGE_STANDARD = "gnu++0x";
				CLANG_CXX_LIBRARY = "libc++";
				CLANG_ENABLE_MODULES = YES;
				CLANG_ENABLE_OBJC_ARC = YES;
				CLANG_WARN_BOOL_CONVERSION = YES;
				CLANG_WARN_CONSTANT_CONVERSION = YES;
				CLANG_WARN_DIRECT_OBJC_ISA_USAGE = YES_ERROR;
				CLANG_WARN_EMPTY_BODY = YES;
				CLANG_WARN_ENUM_CONVERSION = YES;
				CLANG_WARN_INT_CONVERSION = YES;
				CLANG_WARN_OBJC_ROOT_CLASS = YES_ERROR;
				CLANG_WARN_UNREACHABLE_CODE = YES;
				CLANG_WARN__DUPLICATE_METHOD_MATCH = YES;
				"CODE_SIGN_IDENTITY[sdk=iphoneos*]" = "iPhone Developer";
				COPY_PHASE_STRIP = NO;
				DEBUG_INFORMATION_FORMAT = "dwarf-with-dsym";
				ENABLE_NS_ASSERTIONS = NO;
				ENABLE_STRICT_OBJC_MSGSEND = YES;
				GCC_C_LANGUAGE_STANDARD = gnu99;
				GCC_NO_COMMON_BLOCKS = YES;
				GCC_WARN_64_TO_32_BIT_CONVERSION = YES;
				GCC_WARN_ABOUT_RETURN_TYPE = YES_ERROR;
				GCC_WARN_UNDECLARED_SELECTOR = YES;
				GCC_WARN_UNINITIALIZED_AUTOS = YES_AGGRESSIVE;
				GCC_WARN_UNUSED_FUNCTION = YES;
				GCC_WARN_UNUSED_VARIABLE = YES;
				IPHONEOS_DEPLOYMENT_TARGET = 8.4;
				MTL_ENABLE_DEBUG_INFO = NO;
				SDKROOT = iphoneos;
				TARGETED_DEVICE_FAMILY = "1,2";
				VALIDATE_PRODUCT = YES;
			};
			name = Release;
		};
		FFDD6FE91C5A7C0600435F39 /* Debug */ = {
			isa = XCBuildConfiguration;
			buildSettings = {
				ASSETCATALOG_COMPILER_APPICON_NAME = AppIcon;
				INFOPLIST_FILE = gitdemo/Info.plist;
				LD_RUNPATH_SEARCH_PATHS = "$(inherited) @executable_path/Frameworks";
				PRODUCT_NAME = "$(TARGET_NAME)";
			};
			name = Debug;
		};
		FFDD6FEA1C5A7C0600435F39 /* Release */ = {
			isa = XCBuildConfiguration;
			buildSettings = {
				ASSETCATALOG_COMPILER_APPICON_NAME = AppIcon;
				INFOPLIST_FILE = gitdemo/Info.plist;
				LD_RUNPATH_SEARCH_PATHS = "$(inherited) @executable_path/Frameworks";
				PRODUCT_NAME = "$(TARGET_NAME)";
			};
			name = Release;
		};
		FFDD6FEC1C5A7C0600435F39 /* Debug */ = {
			isa = XCBuildConfiguration;
			buildSettings = {
				BUNDLE_LOADER = "$(TEST_HOST)";
				FRAMEWORK_SEARCH_PATHS = (
					"$(SDKROOT)/Developer/Library/Frameworks",
					"$(inherited)",
				);
				GCC_PREPROCESSOR_DEFINITIONS = (
					"DEBUG=1",
					"$(inherited)",
				);
				INFOPLIST_FILE = gitdemoTests/Info.plist;
				LD_RUNPATH_SEARCH_PATHS = "$(inherited) @executable_path/Frameworks @loader_path/Frameworks";
				PRODUCT_NAME = "$(TARGET_NAME)";
				TEST_HOST = "$(BUILT_PRODUCTS_DIR)/gitdemo.app/gitdemo";
			};
			name = Debug;
		};
		FFDD6FED1C5A7C0600435F39 /* Release */ = {
			isa = XCBuildConfiguration;
			buildSettings = {
				BUNDLE_LOADER = "$(TEST_HOST)";
				FRAMEWORK_SEARCH_PATHS = (
					"$(SDKROOT)/Developer/Library/Frameworks",
					"$(inherited)",
				);
				INFOPLIST_FILE = gitdemoTests/Info.plist;
				LD_RUNPATH_SEARCH_PATHS = "$(inherited) @executable_path/Frameworks @loader_path/Frameworks";
				PRODUCT_NAME = "$(TARGET_NAME)";
				TEST_HOST = "$(BUILT_PRODUCTS_DIR)/gitdemo.app/gitdemo";
			};
			name = Release;
		};
/* End XCBuildConfiguration section */

/* Begin XCConfigurationList section */
		FFDD6FC01C5A7C0600435F39 /* Build configuration list for PBXProject "gitdemo" */ = {
			isa = XCConfigurationList;
			buildConfigurations = (
				FFDD6FE61C5A7C0600435F39 /* Debug */,
				FFDD6FE71C5A7C0600435F39 /* Release */,
			);
			defaultConfigurationIsVisible = 0;
			defaultConfigurationName = Release;
		};
		FFDD6FE81C5A7C0600435F39 /* Build configuration list for PBXNativeTarget "gitdemo" */ = {
			isa = XCConfigurationList;
			buildConfigurations = (
				FFDD6FE91C5A7C0600435F39 /* Debug */,
				FFDD6FEA1C5A7C0600435F39 /* Release */,
			);
			defaultConfigurationIsVisible = 0;
		};
		FFDD6FEB1C5A7C0600435F39 /* Build configuration list for PBXNativeTarget "gitdemoTests" */ = {
			isa = XCConfigurationList;
			buildConfigurations = (
				FFDD6FEC1C5A7C0600435F39 /* Debug */,
				FFDD6FED1C5A7C0600435F39 /* Release */,
			);
			defaultConfigurationIsVisible = 0;
		};
/* End XCConfigurationList section */
	};
	rootObject = FFDD6FBD1C5A7C0600435F39 /* Project object */;
}
